// !$*UTF8*$!
{
	archiveVersion = 1;
	classes = {
	};
	objectVersion = 50;
	objects = {

/* Begin PBXBuildFile section */
		0214C064112B61B3356468B6 /* Pods_RealmExp.framework in Frameworks */ = {isa = PBXBuildFile; fileRef = A92596887E0125094BC459A7 /* Pods_RealmExp.framework */; };
		89A98997244CCA280044C8B9 /* adminView.swift in Sources */ = {isa = PBXBuildFile; fileRef = 89A98996244CCA280044C8B9 /* adminView.swift */; };
		89A989FB244DD2DA0044C8B9 /* AdminAccount.swift in Sources */ = {isa = PBXBuildFile; fileRef = 89A989FA244DD2DA0044C8B9 /* AdminAccount.swift */; };
		89A98A0F244ECA780044C8B9 /* Screen.swift in Sources */ = {isa = PBXBuildFile; fileRef = 89A98A0E244ECA780044C8B9 /* Screen.swift */; };
		89FA854924481C5000E164AE /* AppDelegate.swift in Sources */ = {isa = PBXBuildFile; fileRef = 89FA854824481C5000E164AE /* AppDelegate.swift */; };
		89FA854B24481C5000E164AE /* SceneDelegate.swift in Sources */ = {isa = PBXBuildFile; fileRef = 89FA854A24481C5000E164AE /* SceneDelegate.swift */; };
		89FA854D24481C5000E164AE /* ContentView.swift in Sources */ = {isa = PBXBuildFile; fileRef = 89FA854C24481C5000E164AE /* ContentView.swift */; };
		89FA854F24481C5200E164AE /* Assets.xcassets in Resources */ = {isa = PBXBuildFile; fileRef = 89FA854E24481C5200E164AE /* Assets.xcassets */; };
		89FA855224481C5200E164AE /* Preview Assets.xcassets in Resources */ = {isa = PBXBuildFile; fileRef = 89FA855124481C5200E164AE /* Preview Assets.xcassets */; };
		89FA855524481C5200E164AE /* LaunchScreen.storyboard in Resources */ = {isa = PBXBuildFile; fileRef = 89FA855324481C5200E164AE /* LaunchScreen.storyboard */; };
		89FA855D2448306800E164AE /* User.swift in Sources */ = {isa = PBXBuildFile; fileRef = 89FA855C2448306800E164AE /* User.swift */; };
		89FA855F244832DF00E164AE /* Movie.swift in Sources */ = {isa = PBXBuildFile; fileRef = 89FA855E244832DF00E164AE /* Movie.swift */; };
		89FA85612448718700E164AE /* Constants.swift in Sources */ = {isa = PBXBuildFile; fileRef = 89FA85602448718700E164AE /* Constants.swift */; };
		89FA85632448A34C00E164AE /* navigateMethod.swift in Sources */ = {isa = PBXBuildFile; fileRef = 89FA85622448A34C00E164AE /* navigateMethod.swift */; };
/* End PBXBuildFile section */

/* Begin PBXFileReference section */
		42F98EF6D42F96323F7C6245 /* Pods-RealmExp.debug.xcconfig */ = {isa = PBXFileReference; includeInIndex = 1; lastKnownFileType = text.xcconfig; name = "Pods-RealmExp.debug.xcconfig"; path = "Pods/Target Support Files/Pods-RealmExp/Pods-RealmExp.debug.xcconfig"; sourceTree = "<group>"; };
		434C84BD2CB2B9A0ECCF67AD /* Pods-RealmExp.release.xcconfig */ = {isa = PBXFileReference; includeInIndex = 1; lastKnownFileType = text.xcconfig; name = "Pods-RealmExp.release.xcconfig"; path = "Pods/Target Support Files/Pods-RealmExp/Pods-RealmExp.release.xcconfig"; sourceTree = "<group>"; };
		89A98996244CCA280044C8B9 /* adminView.swift */ = {isa = PBXFileReference; lastKnownFileType = sourcecode.swift; path = adminView.swift; sourceTree = "<group>"; };
		89A989FA244DD2DA0044C8B9 /* AdminAccount.swift */ = {isa = PBXFileReference; lastKnownFileType = sourcecode.swift; path = AdminAccount.swift; sourceTree = "<group>"; };
		89A98A0E244ECA780044C8B9 /* Screen.swift */ = {isa = PBXFileReference; lastKnownFileType = sourcecode.swift; path = Screen.swift; sourceTree = "<group>"; };
		89FA854524481C5000E164AE /* CinemaManager.app */ = {isa = PBXFileReference; explicitFileType = wrapper.application; includeInIndex = 0; path = CinemaManager.app; sourceTree = BUILT_PRODUCTS_DIR; };
		89FA854824481C5000E164AE /* AppDelegate.swift */ = {isa = PBXFileReference; lastKnownFileType = sourcecode.swift; path = AppDelegate.swift; sourceTree = "<group>"; };
		89FA854A24481C5000E164AE /* SceneDelegate.swift */ = {isa = PBXFileReference; lastKnownFileType = sourcecode.swift; path = SceneDelegate.swift; sourceTree = "<group>"; };
		89FA854C24481C5000E164AE /* ContentView.swift */ = {isa = PBXFileReference; lastKnownFileType = sourcecode.swift; path = ContentView.swift; sourceTree = "<group>"; };
		89FA854E24481C5200E164AE /* Assets.xcassets */ = {isa = PBXFileReference; lastKnownFileType = folder.assetcatalog; path = Assets.xcassets; sourceTree = "<group>"; };
		89FA855124481C5200E164AE /* Preview Assets.xcassets */ = {isa = PBXFileReference; lastKnownFileType = folder.assetcatalog; path = "Preview Assets.xcassets"; sourceTree = "<group>"; };
		89FA855424481C5200E164AE /* Base */ = {isa = PBXFileReference; lastKnownFileType = file.storyboard; name = Base; path = Base.lproj/LaunchScreen.storyboard; sourceTree = "<group>"; };
		89FA855624481C5200E164AE /* Info.plist */ = {isa = PBXFileReference; lastKnownFileType = text.plist.xml; path = Info.plist; sourceTree = "<group>"; };
		89FA855C2448306800E164AE /* User.swift */ = {isa = PBXFileReference; lastKnownFileType = sourcecode.swift; path = User.swift; sourceTree = "<group>"; };
		89FA855E244832DF00E164AE /* Movie.swift */ = {isa = PBXFileReference; lastKnownFileType = sourcecode.swift; path = Movie.swift; sourceTree = "<group>"; };
		89FA85602448718700E164AE /* Constants.swift */ = {isa = PBXFileReference; lastKnownFileType = sourcecode.swift; path = Constants.swift; sourceTree = "<group>"; };
		89FA85622448A34C00E164AE /* navigateMethod.swift */ = {isa = PBXFileReference; lastKnownFileType = sourcecode.swift; path = navigateMethod.swift; sourceTree = "<group>"; };
		A92596887E0125094BC459A7 /* Pods_RealmExp.framework */ = {isa = PBXFileReference; explicitFileType = wrapper.framework; includeInIndex = 0; path = Pods_RealmExp.framework; sourceTree = BUILT_PRODUCTS_DIR; };
/* End PBXFileReference section */

/* Begin PBXFrameworksBuildPhase section */
		89FA854224481C5000E164AE /* Frameworks */ = {
			isa = PBXFrameworksBuildPhase;
			buildActionMask = 2147483647;
			files = (
				0214C064112B61B3356468B6 /* Pods_RealmExp.framework in Frameworks */,
			);
			runOnlyForDeploymentPostprocessing = 0;
		};
/* End PBXFrameworksBuildPhase section */

/* Begin PBXGroup section */
		27A610296EF347B49C879BB1 /* Frameworks */ = {
			isa = PBXGroup;
			children = (
				A92596887E0125094BC459A7 /* Pods_RealmExp.framework */,
			);
			name = Frameworks;
			sourceTree = "<group>";
		};
		89FA853C24481C4F00E164AE = {
			isa = PBXGroup;
			children = (
				89FA854724481C5000E164AE /* RealmExp */,
				89FA854624481C5000E164AE /* Products */,
				B8ACF2547FF59C497A21E6B9 /* Pods */,
				27A610296EF347B49C879BB1 /* Frameworks */,
			);
			sourceTree = "<group>";
		};
		89FA854624481C5000E164AE /* Products */ = {
			isa = PBXGroup;
			children = (
				89FA854524481C5000E164AE /* CinemaManager.app */,
			);
			name = Products;
			sourceTree = "<group>";
		};
		89FA854724481C5000E164AE /* RealmExp */ = {
			isa = PBXGroup;
			children = (
				89FA854824481C5000E164AE /* AppDelegate.swift */,
				89FA85602448718700E164AE /* Constants.swift */,
				89FA855C2448306800E164AE /* User.swift */,
				89A98A0E244ECA780044C8B9 /* Screen.swift */,
				89FA855E244832DF00E164AE /* Movie.swift */,
				89FA854A24481C5000E164AE /* SceneDelegate.swift */,
				89FA854C24481C5000E164AE /* ContentView.swift */,
				89A989FA244DD2DA0044C8B9 /* AdminAccount.swift */,
				89A98996244CCA280044C8B9 /* adminView.swift */,
				89FA85622448A34C00E164AE /* navigateMethod.swift */,
				89FA854E24481C5200E164AE /* Assets.xcassets */,
				89FA855324481C5200E164AE /* LaunchScreen.storyboard */,
				89FA855624481C5200E164AE /* Info.plist */,
				89FA855024481C5200E164AE /* Preview Content */,
			);
			path = RealmExp;
			sourceTree = "<group>";
		};
		89FA855024481C5200E164AE /* Preview Content */ = {
			isa = PBXGroup;
			children = (
				89FA855124481C5200E164AE /* Preview Assets.xcassets */,
			);
			path = "Preview Content";
			sourceTree = "<group>";
		};
		B8ACF2547FF59C497A21E6B9 /* Pods */ = {
			isa = PBXGroup;
			children = (
				42F98EF6D42F96323F7C6245 /* Pods-RealmExp.debug.xcconfig */,
				434C84BD2CB2B9A0ECCF67AD /* Pods-RealmExp.release.xcconfig */,
			);
			name = Pods;
			sourceTree = "<group>";
		};
/* End PBXGroup section */

/* Begin PBXNativeTarget section */
		89FA854424481C5000E164AE /* RealmExp */ = {
			isa = PBXNativeTarget;
			buildConfigurationList = 89FA855924481C5200E164AE /* Build configuration list for PBXNativeTarget "RealmExp" */;
			buildPhases = (
				2E025DCC6B4048B2ECF555F9 /* [CP] Check Pods Manifest.lock */,
				89FA854124481C5000E164AE /* Sources */,
				89FA854224481C5000E164AE /* Frameworks */,
				89FA854324481C5000E164AE /* Resources */,
				3578040E3DA3342D12F8CB02 /* [CP] Embed Pods Frameworks */,
			);
			buildRules = (
			);
			dependencies = (
			);
			name = RealmExp;
			productName = RealmExp;
			productReference = 89FA854524481C5000E164AE /* CinemaManager.app */;
			productType = "com.apple.product-type.application";
		};
/* End PBXNativeTarget section */

/* Begin PBXProject section */
		89FA853D24481C4F00E164AE /* Project object */ = {
			isa = PBXProject;
			attributes = {
				LastSwiftUpdateCheck = 1140;
				LastUpgradeCheck = 1140;
				ORGANIZATIONNAME = LXY;
				TargetAttributes = {
					89FA854424481C5000E164AE = {
						CreatedOnToolsVersion = 11.4;
					};
				};
			};
			buildConfigurationList = 89FA854024481C4F00E164AE /* Build configuration list for PBXProject "RealmExp" */;
			compatibilityVersion = "Xcode 9.3";
			developmentRegion = en;
			hasScannedForEncodings = 0;
			knownRegions = (
				en,
				Base,
			);
			mainGroup = 89FA853C24481C4F00E164AE;
			productRefGroup = 89FA854624481C5000E164AE /* Products */;
			projectDirPath = "";
			projectRoot = "";
			targets = (
				89FA854424481C5000E164AE /* RealmExp */,
			);
		};
/* End PBXProject section */

/* Begin PBXResourcesBuildPhase section */
		89FA854324481C5000E164AE /* Resources */ = {
			isa = PBXResourcesBuildPhase;
			buildActionMask = 2147483647;
			files = (
				89FA855524481C5200E164AE /* LaunchScreen.storyboard in Resources */,
				89FA855224481C5200E164AE /* Preview Assets.xcassets in Resources */,
				89FA854F24481C5200E164AE /* Assets.xcassets in Resources */,
			);
			runOnlyForDeploymentPostprocessing = 0;
		};
/* End PBXResourcesBuildPhase section */

/* Begin PBXShellScriptBuildPhase section */
		2E025DCC6B4048B2ECF555F9 /* [CP] Check Pods Manifest.lock */ = {
			isa = PBXShellScriptBuildPhase;
			buildActionMask = 2147483647;
			files = (
			);
			inputPaths = (
				"${PODS_PODFILE_DIR_PATH}/Podfile.lock",
				"${PODS_ROOT}/Manifest.lock",
			);
			name = "[CP] Check Pods Manifest.lock";
			outputPaths = (
				"$(DERIVED_FILE_DIR)/Pods-RealmExp-checkManifestLockResult.txt",
			);
			runOnlyForDeploymentPostprocessing = 0;
			shellPath = /bin/sh;
			shellScript = "diff \"${PODS_PODFILE_DIR_PATH}/Podfile.lock\" \"${PODS_ROOT}/Manifest.lock\" > /dev/null\nif [ $? != 0 ] ; then\n    # print error to STDERR\n    echo \"error: The sandbox is not in sync with the Podfile.lock. Run 'pod install' or update your CocoaPods installation.\" >&2\n    exit 1\nfi\n# This output is used by Xcode 'outputs' to avoid re-running this script phase.\necho \"SUCCESS\" > \"${SCRIPT_OUTPUT_FILE_0}\"\n";
			showEnvVarsInLog = 0;
		};
		3578040E3DA3342D12F8CB02 /* [CP] Embed Pods Frameworks */ = {
			isa = PBXShellScriptBuildPhase;
			buildActionMask = 2147483647;
			files = (
			);
			inputPaths = (
				"${SRCROOT}/Pods/Target Support Files/Pods-RealmExp/Pods-RealmExp-frameworks.sh",
				"${BUILT_PRODUCTS_DIR}/Realm/Realm.framework",
				"${BUILT_PRODUCTS_DIR}/RealmSwift/RealmSwift.framework",
			);
			name = "[CP] Embed Pods Frameworks";
			outputPaths = (
				"${TARGET_BUILD_DIR}/${FRAMEWORKS_FOLDER_PATH}/Realm.framework",
				"${TARGET_BUILD_DIR}/${FRAMEWORKS_FOLDER_PATH}/RealmSwift.framework",
			);
			runOnlyForDeploymentPostprocessing = 0;
			shellPath = /bin/sh;
			shellScript = "\"${SRCROOT}/Pods/Target Support Files/Pods-RealmExp/Pods-RealmExp-frameworks.sh\"\n";
			showEnvVarsInLog = 0;
		};
/* End PBXShellScriptBuildPhase section */

/* Begin PBXSourcesBuildPhase section */
		89FA854124481C5000E164AE /* Sources */ = {
			isa = PBXSourcesBuildPhase;
			buildActionMask = 2147483647;
			files = (
				89FA855D2448306800E164AE /* User.swift in Sources */,
				89FA85632448A34C00E164AE /* navigateMethod.swift in Sources */,
				89A98997244CCA280044C8B9 /* adminView.swift in Sources */,
				89FA854924481C5000E164AE /* AppDelegate.swift in Sources */,
				89A98A0F244ECA780044C8B9 /* Screen.swift in Sources */,
				89FA854B24481C5000E164AE /* SceneDelegate.swift in Sources */,
				89FA854D24481C5000E164AE /* ContentView.swift in Sources */,
				89FA855F244832DF00E164AE /* Movie.swift in Sources */,
				89A989FB244DD2DA0044C8B9 /* AdminAccount.swift in Sources */,
				89FA85612448718700E164AE /* Constants.swift in Sources */,
			);
			runOnlyForDeploymentPostprocessing = 0;
		};
/* End PBXSourcesBuildPhase section */

/* Begin PBXVariantGroup section */
		89FA855324481C5200E164AE /* LaunchScreen.storyboard */ = {
			isa = PBXVariantGroup;
			children = (
				89FA855424481C5200E164AE /* Base */,
			);
			name = LaunchScreen.storyboard;
			sourceTree = "<group>";
		};
/* End PBXVariantGroup section */

/* Begin XCBuildConfiguration section */
		89FA855724481C5200E164AE /* Debug */ = {
			isa = XCBuildConfiguration;
			buildSettings = {
				ALWAYS_SEARCH_USER_PATHS = NO;
				CLANG_ANALYZER_NONNULL = YES;
				CLANG_ANALYZER_NUMBER_OBJECT_CONVERSION = YES_AGGRESSIVE;
				CLANG_CXX_LANGUAGE_STANDARD = "gnu++14";
				CLANG_CXX_LIBRARY = "libc++";
				CLANG_ENABLE_MODULES = YES;
				CLANG_ENABLE_OBJC_ARC = YES;
				CLANG_ENABLE_OBJC_WEAK = YES;
				CLANG_WARN_BLOCK_CAPTURE_AUTORELEASING = YES;
				CLANG_WARN_BOOL_CONVERSION = YES;
				CLANG_WARN_COMMA = YES;
				CLANG_WARN_CONSTANT_CONVERSION = YES;
				CLANG_WARN_DEPRECATED_OBJC_IMPLEMENTATIONS = YES;
				CLANG_WARN_DIRECT_OBJC_ISA_USAGE = YES_ERROR;
				CLANG_WARN_DOCUMENTATION_COMMENTS = YES;
				CLANG_WARN_EMPTY_BODY = YES;
				CLANG_WARN_ENUM_CONVERSION = YES;
				CLANG_WARN_INFINITE_RECURSION = YES;
				CLANG_WARN_INT_CONVERSION = YES;
				CLANG_WARN_NON_LITERAL_NULL_CONVERSION = YES;
				CLANG_WARN_OBJC_IMPLICIT_RETAIN_SELF = YES;
				CLANG_WARN_OBJC_LITERAL_CONVERSION = YES;
				CLANG_WARN_OBJC_ROOT_CLASS = YES_ERROR;
				CLANG_WARN_RANGE_LOOP_ANALYSIS = YES;
				CLANG_WARN_STRICT_PROTOTYPES = YES;
				CLANG_WARN_SUSPICIOUS_MOVE = YES;
				CLANG_WARN_UNGUARDED_AVAILABILITY = YES_AGGRESSIVE;
				CLANG_WARN_UNREACHABLE_CODE = YES;
				CLANG_WARN__DUPLICATE_METHOD_MATCH = YES;
				COPY_PHASE_STRIP = NO;
				DEBUG_INFORMATION_FORMAT = dwarf;
				ENABLE_STRICT_OBJC_MSGSEND = YES;
				ENABLE_TESTABILITY = YES;
				GCC_C_LANGUAGE_STANDARD = gnu11;
				GCC_DYNAMIC_NO_PIC = NO;
				GCC_NO_COMMON_BLOCKS = YES;
				GCC_OPTIMIZATION_LEVEL = 0;
				GCC_PREPROCESSOR_DEFINITIONS = (
					"DEBUG=1",
					"$(inherited)",
				);
				GCC_WARN_64_TO_32_BIT_CONVERSION = YES;
				GCC_WARN_ABOUT_RETURN_TYPE = YES_ERROR;
				GCC_WARN_UNDECLARED_SELECTOR = YES;
				GCC_WARN_UNINITIALIZED_AUTOS = YES_AGGRESSIVE;
				GCC_WARN_UNUSED_FUNCTION = YES;
				GCC_WARN_UNUSED_VARIABLE = YES;
				IPHONEOS_DEPLOYMENT_TARGET = 13.0;
				MTL_ENABLE_DEBUG_INFO = INCLUDE_SOURCE;
				MTL_FAST_MATH = YES;
				ONLY_ACTIVE_ARCH = YES;
				SDKROOT = iphoneos;
				SWIFT_ACTIVE_COMPILATION_CONDITIONS = DEBUG;
				SWIFT_OPTIMIZATION_LEVEL = "-Onone";
			};
			name = Debug;
		};
		89FA855824481C5200E164AE /* Release */ = {
			isa = XCBuildConfiguration;
			buildSettings = {
				ALWAYS_SEARCH_USER_PATHS = NO;
				CLANG_ANALYZER_NONNULL = YES;
				CLANG_ANALYZER_NUMBER_OBJECT_CONVERSION = YES_AGGRESSIVE;
				CLANG_CXX_LANGUAGE_STANDARD = "gnu++14";
				CLANG_CXX_LIBRARY = "libc++";
				CLANG_ENABLE_MODULES = YES;
				CLANG_ENABLE_OBJC_ARC = YES;
				CLANG_ENABLE_OBJC_WEAK = YES;
				CLANG_WARN_BLOCK_CAPTURE_AUTORELEASING = YES;
				CLANG_WARN_BOOL_CONVERSION = YES;
				CLANG_WARN_COMMA = YES;
				CLANG_WARN_CONSTANT_CONVERSION = YES;
				CLANG_WARN_DEPRECATED_OBJC_IMPLEMENTATIONS = YES;
				CLANG_WARN_DIRECT_OBJC_ISA_USAGE = YES_ERROR;
				CLANG_WARN_DOCUMENTATION_COMMENTS = YES;
				CLANG_WARN_EMPTY_BODY = YES;
				CLANG_WARN_ENUM_CONVERSION = YES;
				CLANG_WARN_INFINITE_RECURSION = YES;
				CLANG_WARN_INT_CONVERSION = YES;
				CLANG_WARN_NON_LITERAL_NULL_CONVERSION = YES;
				CLANG_WARN_OBJC_IMPLICIT_RETAIN_SELF = YES;
				CLANG_WARN_OBJC_LITERAL_CONVERSION = YES;
				CLANG_WARN_OBJC_ROOT_CLASS = YES_ERROR;
				CLANG_WARN_RANGE_LOOP_ANALYSIS = YES;
				CLANG_WARN_STRICT_PROTOTYPES = YES;
				CLANG_WARN_SUSPICIOUS_MOVE = YES;
				CLANG_WARN_UNGUARDED_AVAILABILITY = YES_AGGRESSIVE;
				CLANG_WARN_UNREACHABLE_CODE = YES;
				CLANG_WARN__DUPLICATE_METHOD_MATCH = YES;
				COPY_PHASE_STRIP = NO;
				DEBUG_INFORMATION_FORMAT = "dwarf-with-dsym";
				ENABLE_NS_ASSERTIONS = NO;
				ENABLE_STRICT_OBJC_MSGSEND = YES;
				GCC_C_LANGUAGE_STANDARD = gnu11;
				GCC_NO_COMMON_BLOCKS = YES;
				GCC_WARN_64_TO_32_BIT_CONVERSION = YES;
				GCC_WARN_ABOUT_RETURN_TYPE = YES_ERROR;
				GCC_WARN_UNDECLARED_SELECTOR = YES;
				GCC_WARN_UNINITIALIZED_AUTOS = YES_AGGRESSIVE;
				GCC_WARN_UNUSED_FUNCTION = YES;
				GCC_WARN_UNUSED_VARIABLE = YES;
				IPHONEOS_DEPLOYMENT_TARGET = 13.0;
				MTL_ENABLE_DEBUG_INFO = NO;
				MTL_FAST_MATH = YES;
				SDKROOT = iphoneos;
				SWIFT_COMPILATION_MODE = wholemodule;
				SWIFT_OPTIMIZATION_LEVEL = "-O";
				VALIDATE_PRODUCT = YES;
			};
			name = Release;
		};
		89FA855A24481C5200E164AE /* Debug */ = {
			isa = XCBuildConfiguration;
			baseConfigurationReference = 42F98EF6D42F96323F7C6245 /* Pods-RealmExp.debug.xcconfig */;
			buildSettings = {
				ASSETCATALOG_COMPILER_APPICON_NAME = AppIcon;
				CODE_SIGN_STYLE = Automatic;
				DEVELOPMENT_ASSET_PATHS = "\"RealmExp/Preview Content\"";
				DEVELOPMENT_TEAM = QUS2L4QUN5;
				ENABLE_PREVIEWS = YES;
				INFOPLIST_FILE = RealmExp/Info.plist;
				LD_RUNPATH_SEARCH_PATHS = (
					"$(inherited)",
					"@executable_path/Frameworks",
				);
				PRODUCT_BUNDLE_IDENTIFIER = com.LXY.RealmExp;
				PRODUCT_NAME = CinemaManager;
				SWIFT_VERSION = 5.0;
				TARGETED_DEVICE_FAMILY = "1,2";
			};
			name = Debug;
		};
		89FA855B24481C5200E164AE /* Release */ = {
			isa = XCBuildConfiguration;
			baseConfigurationReference = 434C84BD2CB2B9A0ECCF67AD /* Pods-RealmExp.release.xcconfig */;
			buildSettings = {
				ASSETCATALOG_COMPILER_APPICON_NAME = AppIcon;
				CODE_SIGN_STYLE = Automatic;
				DEVELOPMENT_ASSET_PATHS = "\"RealmExp/Preview Content\"";
				DEVELOPMENT_TEAM = QUS2L4QUN5;
				ENABLE_PREVIEWS = YES;
				INFOPLIST_FILE = RealmExp/Info.plist;
				LD_RUNPATH_SEARCH_PATHS = (
					"$(inherited)",
					"@executable_path/Frameworks",
				);
				PRODUCT_BUNDLE_IDENTIFIER = com.LXY.RealmExp;
				PRODUCT_NAME = CinemaManager;
				SWIFT_VERSION = 5.0;
				TARGETED_DEVICE_FAMILY = "1,2";
			};
			name = Release;
		};
/* End XCBuildConfiguration section */

/* Begin XCConfigurationList section */
		89FA854024481C4F00E164AE /* Build configuration list for PBXProject "RealmExp" */ = {
			isa = XCConfigurationList;
			buildConfigurations = (
				89FA855724481C5200E164AE /* Debug */,
				89FA855824481C5200E164AE /* Release */,
			);
			defaultConfigurationIsVisible = 0;
			defaultConfigurationName = Release;
		};
		89FA855924481C5200E164AE /* Build configuration list for PBXNativeTarget "RealmExp" */ = {
			isa = XCConfigurationList;
			buildConfigurations = (
				89FA855A24481C5200E164AE /* Debug */,
				89FA855B24481C5200E164AE /* Release */,
			);
			defaultConfigurationIsVisible = 0;
			defaultConfigurationName = Release;
		};
/* End XCConfigurationList section */
	};
	rootObject = 89FA853D24481C4F00E164AE /* Project object */;
}
